
Microsoft Visual Studio Solution File, Format Version 12.00
# Visual Studio Version 16
VisualStudioVersion = 16.0.31613.86
MinimumVisualStudioVersion = 10.0.40219.1
Project("{FAE04EC0-301F-11D3-BF4B-00C04F79EFBC}") = "Vehicles.Common", "Vehicles.Common\Vehicles.Common.csproj", "{53050ECE-4895-4788-AD6D-B5AF07D74C70}"
EndProject
Project("{FAE04EC0-301F-11D3-BF4B-00C04F79EFBC}") = "Vehicles.API", "Vehicles.API\Vehicles.API.csproj", "{418744E6-1744-4D81-84C5-DA256FBD2CA3}"
EndProject
Global
	GlobalSection(SolutionConfigurationPlatforms) = preSolution
		Debug|Any CPU = Debug|Any CPU
		Release|Any CPU = Release|Any CPU
	EndGlobalSection
	GlobalSection(ProjectConfigurationPlatforms) = postSolution
		{53050ECE-4895-4788-AD6D-B5AF07D74C70}.Debug|Any CPU.ActiveCfg = Debug|Any CPU
		{53050ECE-4895-4788-AD6D-B5AF07D74C70}.Debug|Any CPU.Build.0 = Debug|Any CPU
		{53050ECE-4895-4788-AD6D-B5AF07D74C70}.Release|Any CPU.ActiveCfg = Release|Any CPU
		{53050ECE-4895-4788-AD6D-B5AF07D74C70}.Release|Any CPU.Build.0 = Release|Any CPU
		{418744E6-1744-4D81-84C5-DA256FBD2CA3}.Debug|Any CPU.ActiveCfg = Debug|Any CPU
		{418744E6-1744-4D81-84C5-DA256FBD2CA3}.Debug|Any CPU.Build.0 = Debug|Any CPU
		{418744E6-1744-4D81-84C5-DA256FBD2CA3}.Release|Any CPU.ActiveCfg = Release|Any CPU
		{418744E6-1744-4D81-84C5-DA256FBD2CA3}.Release|Any CPU.Build.0 = Release|Any CPU
	EndGlobalSection
	GlobalSection(SolutionProperties) = preSolution
		HideSolutionNode = FALSE
	EndGlobalSection
	GlobalSection(ExtensibilityGlobals) = postSolution
		SolutionGuid = {0CB49870-9489-456E-A5E3-0A6FAF09D46B}
	EndGlobalSection
EndGlobal
